{
  "name": "memory-tar-create",
  "version": "0.0.1",
  "lockfileVersion": 1,
  "requires": true,
  "dependencies": {
    "Base64": {
      "version": "1.1.0",
      "resolved": "https://registry.npmjs.org/Base64/-/Base64-1.1.0.tgz",
      "integrity": "sha512-qeacf8dvGpf+XAT27ESHMh7z84uRzj/ua2pQdJg483m3bEXv/kVFtDnMgvf70BQGqzbZhR9t6BmASzKvqfJf3Q=="
    },
    "crc32": {
      "version": "0.2.2",
      "resolved": "https://registry.npmjs.org/crc32/-/crc32-0.2.2.tgz",
      "integrity": "sha1-etIg1v/c0Rn5/BJ6d3LKzqOQpLo="
    },
    "deflate-js": {
      "version": "0.2.3",
      "resolved": "https://registry.npmjs.org/deflate-js/-/deflate-js-0.2.3.tgz",
      "integrity": "sha1-+Fq7WOvFFRowYUdHPVfD5PfkQms="
    },
    "gzip-js": {
      "version": "0.3.2",
      "resolved": "https://registry.npmjs.org/gzip-js/-/gzip-js-0.3.2.tgz",
      "integrity": "sha1-IxF+/usozzhSSN7/Df+tiUg22Ws=",
      "requires": {
        "crc32": ">= 0.2.2",
        "deflate-js": ">= 0.2.2"
      }
    },
    "tarts": {
      "version": "1.0.0",
      "resolved": "https://registry.npmjs.org/tarts/-/tarts-1.0.0.tgz",
      "integrity": "sha512-w9WFDCa4Pd1CRYdWMXEHAhQMC8+wAUugFINRv8/2v+wjBOSShwtfls0y0pssRks0jW/CvvarMumlIbOkvt7+ZA=="
    }
  }
}
